// !$*UTF8*$!
{
	archiveVersion = 1;
	classes = {
	};
	objectVersion = 46;
	objects = {

/* Begin PBXBuildFile section */
		7AE7E29D482F67EA2B80C7A5 /* Pods_ZoeyAppTests.framework in Frameworks */ = {isa = PBXBuildFile; fileRef = E23D22FB0F395C95A28BDF9B /* Pods_ZoeyAppTests.framework */; };
		C748B96643ED8FE4A296DBDD /* Pods_ZoeyApp.framework in Frameworks */ = {isa = PBXBuildFile; fileRef = C8158A83BB4161A1ABA6BAAC /* Pods_ZoeyApp.framework */; };
		EBE0E0191E41F4E200773AD3 /* AppDelegate.swift in Sources */ = {isa = PBXBuildFile; fileRef = EBE0E0181E41F4E200773AD3 /* AppDelegate.swift */; };
		EBE0E01B1E41F4E200773AD3 /* DevicesVC.swift in Sources */ = {isa = PBXBuildFile; fileRef = EBE0E01A1E41F4E200773AD3 /* DevicesVC.swift */; };
		EBE0E01E1E41F4E200773AD3 /* Main.storyboard in Resources */ = {isa = PBXBuildFile; fileRef = EBE0E01C1E41F4E200773AD3 /* Main.storyboard */; };
		EBE0E0201E41F4E200773AD3 /* Assets.xcassets in Resources */ = {isa = PBXBuildFile; fileRef = EBE0E01F1E41F4E200773AD3 /* Assets.xcassets */; };
		EBE0E0231E41F4E200773AD3 /* LaunchScreen.storyboard in Resources */ = {isa = PBXBuildFile; fileRef = EBE0E0211E41F4E200773AD3 /* LaunchScreen.storyboard */; };
		EBE0E03C1E41F5B300773AD3 /* DetailVC.swift in Sources */ = {isa = PBXBuildFile; fileRef = EBE0E03B1E41F5B300773AD3 /* DetailVC.swift */; };
		EBE0E0401E41F6D100773AD3 /* DeviceCell.swift in Sources */ = {isa = PBXBuildFile; fileRef = EBE0E03F1E41F6D100773AD3 /* DeviceCell.swift */; };
		EBE0E0471E41FFDF00773AD3 /* AccelerometerFilter.m in Sources */ = {isa = PBXBuildFile; fileRef = EBE0E0451E41FFDF00773AD3 /* AccelerometerFilter.m */; };
		EBE0E0481E41FFDF00773AD3 /* APLGraphView.m in Sources */ = {isa = PBXBuildFile; fileRef = EBE0E0461E41FFDF00773AD3 /* APLGraphView.m */; };
		EBE0E0601E4208BD00773AD3 /* Util.swift in Sources */ = {isa = PBXBuildFile; fileRef = EBE0E05F1E4208BD00773AD3 /* Util.swift */; };
		EBE0E0811E420B1100773AD3 /* Surge.framework in Frameworks */ = {isa = PBXBuildFile; fileRef = EBE0E07E1E420B0900773AD3 /* Surge.framework */; };
		EBE0E0821E420B1100773AD3 /* Surge.framework in Embed Frameworks */ = {isa = PBXBuildFile; fileRef = EBE0E07E1E420B0900773AD3 /* Surge.framework */; settings = {ATTRIBUTES = (CodeSignOnCopy, RemoveHeadersOnCopy, ); }; };
		EBE0E0861E420B6500773AD3 /* UtilTest.swift in Sources */ = {isa = PBXBuildFile; fileRef = EBE0E0851E420B6500773AD3 /* UtilTest.swift */; };
/* End PBXBuildFile section */

/* Begin PBXContainerItemProxy section */
		EBE0E02A1E41F4E200773AD3 /* PBXContainerItemProxy */ = {
			isa = PBXContainerItemProxy;
			containerPortal = EBE0E00D1E41F4E200773AD3 /* Project object */;
			proxyType = 1;
			remoteGlobalIDString = EBE0E0141E41F4E200773AD3;
			remoteInfo = ZoeyApp;
		};
		EBE0E07D1E420B0900773AD3 /* PBXContainerItemProxy */ = {
			isa = PBXContainerItemProxy;
			containerPortal = EBE0E0781E420B0800773AD3 /* Surge.xcodeproj */;
			proxyType = 2;
			remoteGlobalIDString = F8A1E1AA19917A79009735E2;
			remoteInfo = Surge;
		};
		EBE0E07F1E420B0900773AD3 /* PBXContainerItemProxy */ = {
			isa = PBXContainerItemProxy;
			containerPortal = EBE0E0781E420B0800773AD3 /* Surge.xcodeproj */;
			proxyType = 2;
			remoteGlobalIDString = F84A6AAE19A9A72F007B53E1;
			remoteInfo = SurgeTests;
		};
		EBE0E0831E420B1100773AD3 /* PBXContainerItemProxy */ = {
			isa = PBXContainerItemProxy;
			containerPortal = EBE0E0781E420B0800773AD3 /* Surge.xcodeproj */;
			proxyType = 1;
			remoteGlobalIDString = F8A1E1A919917A79009735E2;
			remoteInfo = Surge;
		};
/* End PBXContainerItemProxy section */

/* Begin PBXCopyFilesBuildPhase section */
		EBE0E05E1E4208A100773AD3 /* Embed Frameworks */ = {
			isa = PBXCopyFilesBuildPhase;
			buildActionMask = 2147483647;
			dstPath = "";
			dstSubfolderSpec = 10;
			files = (
				EBE0E0821E420B1100773AD3 /* Surge.framework in Embed Frameworks */,
			);
			name = "Embed Frameworks";
			runOnlyForDeploymentPostprocessing = 0;
		};
/* End PBXCopyFilesBuildPhase section */

/* Begin PBXFileReference section */
		1551569FF63B5987CF048494 /* Pods-ZoeyApp.release.xcconfig */ = {isa = PBXFileReference; includeInIndex = 1; lastKnownFileType = text.xcconfig; name = "Pods-ZoeyApp.release.xcconfig"; path = "Pods/Target Support Files/Pods-ZoeyApp/Pods-ZoeyApp.release.xcconfig"; sourceTree = "<group>"; };
		549B126207907A58A56D6654 /* Pods-ZoeyAppTests.debug.xcconfig */ = {isa = PBXFileReference; includeInIndex = 1; lastKnownFileType = text.xcconfig; name = "Pods-ZoeyAppTests.debug.xcconfig"; path = "Pods/Target Support Files/Pods-ZoeyAppTests/Pods-ZoeyAppTests.debug.xcconfig"; sourceTree = "<group>"; };
		8BEECF89A1A8FB94F6DFE659 /* Pods-ZoeyAppTests.release.xcconfig */ = {isa = PBXFileReference; includeInIndex = 1; lastKnownFileType = text.xcconfig; name = "Pods-ZoeyAppTests.release.xcconfig"; path = "Pods/Target Support Files/Pods-ZoeyAppTests/Pods-ZoeyAppTests.release.xcconfig"; sourceTree = "<group>"; };
		9E0A9D7457F001B62CF5A1C6 /* Pods-ZoeyApp.debug.xcconfig */ = {isa = PBXFileReference; includeInIndex = 1; lastKnownFileType = text.xcconfig; name = "Pods-ZoeyApp.debug.xcconfig"; path = "Pods/Target Support Files/Pods-ZoeyApp/Pods-ZoeyApp.debug.xcconfig"; sourceTree = "<group>"; };
		C8158A83BB4161A1ABA6BAAC /* Pods_ZoeyApp.framework */ = {isa = PBXFileReference; explicitFileType = wrapper.framework; includeInIndex = 0; path = Pods_ZoeyApp.framework; sourceTree = BUILT_PRODUCTS_DIR; };
		E23D22FB0F395C95A28BDF9B /* Pods_ZoeyAppTests.framework */ = {isa = PBXFileReference; explicitFileType = wrapper.framework; includeInIndex = 0; path = Pods_ZoeyAppTests.framework; sourceTree = BUILT_PRODUCTS_DIR; };
		EBE0E0151E41F4E200773AD3 /* ZoeyApp.app */ = {isa = PBXFileReference; explicitFileType = wrapper.application; includeInIndex = 0; path = ZoeyApp.app; sourceTree = BUILT_PRODUCTS_DIR; };
		EBE0E0181E41F4E200773AD3 /* AppDelegate.swift */ = {isa = PBXFileReference; lastKnownFileType = sourcecode.swift; path = AppDelegate.swift; sourceTree = "<group>"; };
		EBE0E01A1E41F4E200773AD3 /* DevicesVC.swift */ = {isa = PBXFileReference; lastKnownFileType = sourcecode.swift; path = DevicesVC.swift; sourceTree = "<group>"; };
		EBE0E01D1E41F4E200773AD3 /* Base */ = {isa = PBXFileReference; lastKnownFileType = file.storyboard; name = Base; path = Base.lproj/Main.storyboard; sourceTree = "<group>"; };
		EBE0E01F1E41F4E200773AD3 /* Assets.xcassets */ = {isa = PBXFileReference; lastKnownFileType = folder.assetcatalog; path = Assets.xcassets; sourceTree = "<group>"; };
		EBE0E0221E41F4E200773AD3 /* Base */ = {isa = PBXFileReference; lastKnownFileType = file.storyboard; name = Base; path = Base.lproj/LaunchScreen.storyboard; sourceTree = "<group>"; };
		EBE0E0241E41F4E200773AD3 /* Info.plist */ = {isa = PBXFileReference; lastKnownFileType = text.plist.xml; path = Info.plist; sourceTree = "<group>"; };
		EBE0E0291E41F4E200773AD3 /* ZoeyAppTests.xctest */ = {isa = PBXFileReference; explicitFileType = wrapper.cfbundle; includeInIndex = 0; path = ZoeyAppTests.xctest; sourceTree = BUILT_PRODUCTS_DIR; };
		EBE0E02F1E41F4E200773AD3 /* Info.plist */ = {isa = PBXFileReference; lastKnownFileType = text.plist.xml; path = Info.plist; sourceTree = "<group>"; };
		EBE0E03B1E41F5B300773AD3 /* DetailVC.swift */ = {isa = PBXFileReference; fileEncoding = 4; lastKnownFileType = sourcecode.swift; path = DetailVC.swift; sourceTree = "<group>"; };
		EBE0E03F1E41F6D100773AD3 /* DeviceCell.swift */ = {isa = PBXFileReference; fileEncoding = 4; lastKnownFileType = sourcecode.swift; path = DeviceCell.swift; sourceTree = "<group>"; };
		EBE0E0421E41FFDF00773AD3 /* ZoeyApp-Bridging-Header.h */ = {isa = PBXFileReference; lastKnownFileType = sourcecode.c.h; path = "ZoeyApp-Bridging-Header.h"; sourceTree = "<group>"; };
		EBE0E0431E41FFDF00773AD3 /* APLGraphView.h */ = {isa = PBXFileReference; fileEncoding = 4; lastKnownFileType = sourcecode.c.h; path = APLGraphView.h; sourceTree = SOURCE_ROOT; };
		EBE0E0441E41FFDF00773AD3 /* AccelerometerFilter.h */ = {isa = PBXFileReference; fileEncoding = 4; lastKnownFileType = sourcecode.c.h; path = AccelerometerFilter.h; sourceTree = SOURCE_ROOT; };
		EBE0E0451E41FFDF00773AD3 /* AccelerometerFilter.m */ = {isa = PBXFileReference; fileEncoding = 4; lastKnownFileType = sourcecode.c.objc; path = AccelerometerFilter.m; sourceTree = SOURCE_ROOT; };
		EBE0E0461E41FFDF00773AD3 /* APLGraphView.m */ = {isa = PBXFileReference; fileEncoding = 4; lastKnownFileType = sourcecode.c.objc; path = APLGraphView.m; sourceTree = SOURCE_ROOT; };
		EBE0E05F1E4208BD00773AD3 /* Util.swift */ = {isa = PBXFileReference; fileEncoding = 4; lastKnownFileType = sourcecode.swift; path = Util.swift; sourceTree = "<group>"; };
		EBE0E0781E420B0800773AD3 /* Surge.xcodeproj */ = {isa = PBXFileReference; lastKnownFileType = "wrapper.pb-project"; name = Surge.xcodeproj; path = "../../Master of IT-Melbourne Uni/Curve Tomorrow Studentship/Surge/Surge.xcodeproj"; sourceTree = "<group>"; };
		EBE0E0851E420B6500773AD3 /* UtilTest.swift */ = {isa = PBXFileReference; fileEncoding = 4; lastKnownFileType = sourcecode.swift; path = UtilTest.swift; sourceTree = "<group>"; };
/* End PBXFileReference section */

/* Begin PBXFrameworksBuildPhase section */
		EBE0E0121E41F4E200773AD3 /* Frameworks */ = {
			isa = PBXFrameworksBuildPhase;
			buildActionMask = 2147483647;
			files = (
				EBE0E0811E420B1100773AD3 /* Surge.framework in Frameworks */,
				C748B96643ED8FE4A296DBDD /* Pods_ZoeyApp.framework in Frameworks */,
			);
			runOnlyForDeploymentPostprocessing = 0;
		};
		EBE0E0261E41F4E200773AD3 /* Frameworks */ = {
			isa = PBXFrameworksBuildPhase;
			buildActionMask = 2147483647;
			files = (
				7AE7E29D482F67EA2B80C7A5 /* Pods_ZoeyAppTests.framework in Frameworks */,
			);
			runOnlyForDeploymentPostprocessing = 0;
		};
/* End PBXFrameworksBuildPhase section */

/* Begin PBXGroup section */
		7BB132FEF57F90B898C0A847 /* Pods */ = {
			isa = PBXGroup;
			children = (
				9E0A9D7457F001B62CF5A1C6 /* Pods-ZoeyApp.debug.xcconfig */,
				1551569FF63B5987CF048494 /* Pods-ZoeyApp.release.xcconfig */,
				549B126207907A58A56D6654 /* Pods-ZoeyAppTests.debug.xcconfig */,
				8BEECF89A1A8FB94F6DFE659 /* Pods-ZoeyAppTests.release.xcconfig */,
			);
			name = Pods;
			sourceTree = "<group>";
		};
		E3108BB0EFECF79982C8CFE0 /* Frameworks */ = {
			isa = PBXGroup;
			children = (
				C8158A83BB4161A1ABA6BAAC /* Pods_ZoeyApp.framework */,
				E23D22FB0F395C95A28BDF9B /* Pods_ZoeyAppTests.framework */,
			);
			name = Frameworks;
			sourceTree = "<group>";
		};
		EBE0E00C1E41F4E200773AD3 = {
			isa = PBXGroup;
			children = (
				EBE0E0781E420B0800773AD3 /* Surge.xcodeproj */,
				EBE0E0171E41F4E200773AD3 /* ZoeyApp */,
				EBE0E02C1E41F4E200773AD3 /* ZoeyAppTests */,
				EBE0E0161E41F4E200773AD3 /* Products */,
				7BB132FEF57F90B898C0A847 /* Pods */,
				E3108BB0EFECF79982C8CFE0 /* Frameworks */,
			);
			sourceTree = "<group>";
		};
		EBE0E0161E41F4E200773AD3 /* Products */ = {
			isa = PBXGroup;
			children = (
				EBE0E0151E41F4E200773AD3 /* ZoeyApp.app */,
				EBE0E0291E41F4E200773AD3 /* ZoeyAppTests.xctest */,
			);
			name = Products;
			sourceTree = "<group>";
		};
		EBE0E0171E41F4E200773AD3 /* ZoeyApp */ = {
			isa = PBXGroup;
			children = (
				EBE0E0411E41FF9C00773AD3 /* Accelerometer */,
				EBE0E03A1E41F58A00773AD3 /* Controller */,
				EBE0E0391E41F58300773AD3 /* View */,
				EBE0E0381E41F57D00773AD3 /* Model */,
				EBE0E0181E41F4E200773AD3 /* AppDelegate.swift */,
				EBE0E01C1E41F4E200773AD3 /* Main.storyboard */,
				EBE0E01F1E41F4E200773AD3 /* Assets.xcassets */,
				EBE0E0211E41F4E200773AD3 /* LaunchScreen.storyboard */,
				EBE0E0241E41F4E200773AD3 /* Info.plist */,
			);
			path = ZoeyApp;
			sourceTree = "<group>";
		};
		EBE0E02C1E41F4E200773AD3 /* ZoeyAppTests */ = {
			isa = PBXGroup;
			children = (
				EBE0E02F1E41F4E200773AD3 /* Info.plist */,
				EBE0E0851E420B6500773AD3 /* UtilTest.swift */,
			);
			path = ZoeyAppTests;
			sourceTree = "<group>";
		};
		EBE0E0381E41F57D00773AD3 /* Model */ = {
			isa = PBXGroup;
			children = (
				EBE0E05F1E4208BD00773AD3 /* Util.swift */,
			);
			name = Model;
			sourceTree = "<group>";
		};
		EBE0E0391E41F58300773AD3 /* View */ = {
			isa = PBXGroup;
			children = (
				EBE0E03F1E41F6D100773AD3 /* DeviceCell.swift */,
			);
			name = View;
			sourceTree = "<group>";
		};
		EBE0E03A1E41F58A00773AD3 /* Controller */ = {
			isa = PBXGroup;
			children = (
				EBE0E01A1E41F4E200773AD3 /* DevicesVC.swift */,
				EBE0E03B1E41F5B300773AD3 /* DetailVC.swift */,
			);
			name = Controller;
			sourceTree = "<group>";
		};
		EBE0E0411E41FF9C00773AD3 /* Accelerometer */ = {
			isa = PBXGroup;
			children = (
				EBE0E0431E41FFDF00773AD3 /* APLGraphView.h */,
				EBE0E0441E41FFDF00773AD3 /* AccelerometerFilter.h */,
				EBE0E0451E41FFDF00773AD3 /* AccelerometerFilter.m */,
				EBE0E0461E41FFDF00773AD3 /* APLGraphView.m */,
				EBE0E0421E41FFDF00773AD3 /* ZoeyApp-Bridging-Header.h */,
			);
			name = Accelerometer;
			sourceTree = "<group>";
		};
		EBE0E0791E420B0800773AD3 /* Products */ = {
			isa = PBXGroup;
			children = (
				EBE0E07E1E420B0900773AD3 /* Surge.framework */,
				EBE0E0801E420B0900773AD3 /* SurgeTests.xctest */,
			);
			name = Products;
			sourceTree = "<group>";
		};
/* End PBXGroup section */

/* Begin PBXNativeTarget section */
		EBE0E0141E41F4E200773AD3 /* ZoeyApp */ = {
			isa = PBXNativeTarget;
			buildConfigurationList = EBE0E0321E41F4E200773AD3 /* Build configuration list for PBXNativeTarget "ZoeyApp" */;
			buildPhases = (
				A2611CD6F0D603B8E5E79B95 /* [CP] Check Pods Manifest.lock */,
				EBE0E0111E41F4E200773AD3 /* Sources */,
				EBE0E0121E41F4E200773AD3 /* Frameworks */,
				EBE0E0131E41F4E200773AD3 /* Resources */,
				197D152F593BA89FD0D70A64 /* [CP] Embed Pods Frameworks */,
				F39AF2733BF82315F203D9E3 /* [CP] Copy Pods Resources */,
				EBE0E05E1E4208A100773AD3 /* Embed Frameworks */,
			);
			buildRules = (
			);
			dependencies = (
				EBE0E0841E420B1100773AD3 /* PBXTargetDependency */,
			);
			name = ZoeyApp;
			productName = ZoeyApp;
			productReference = EBE0E0151E41F4E200773AD3 /* ZoeyApp.app */;
			productType = "com.apple.product-type.application";
		};
		EBE0E0281E41F4E200773AD3 /* ZoeyAppTests */ = {
			isa = PBXNativeTarget;
			buildConfigurationList = EBE0E0351E41F4E200773AD3 /* Build configuration list for PBXNativeTarget "ZoeyAppTests" */;
			buildPhases = (
				EA878353677BBB126ADD839B /* [CP] Check Pods Manifest.lock */,
				EBE0E0251E41F4E200773AD3 /* Sources */,
				EBE0E0261E41F4E200773AD3 /* Frameworks */,
				EBE0E0271E41F4E200773AD3 /* Resources */,
				30D8E403D4C30465A4E1F8CB /* [CP] Embed Pods Frameworks */,
				27A8F146831F884E816D6AD7 /* [CP] Copy Pods Resources */,
			);
			buildRules = (
			);
			dependencies = (
				EBE0E02B1E41F4E200773AD3 /* PBXTargetDependency */,
			);
			name = ZoeyAppTests;
			productName = ZoeyAppTests;
			productReference = EBE0E0291E41F4E200773AD3 /* ZoeyAppTests.xctest */;
			productType = "com.apple.product-type.bundle.unit-test";
		};
/* End PBXNativeTarget section */

/* Begin PBXProject section */
		EBE0E00D1E41F4E200773AD3 /* Project object */ = {
			isa = PBXProject;
			attributes = {
				LastSwiftUpdateCheck = 0820;
				LastUpgradeCheck = 0820;
				ORGANIZATIONNAME = "Hien Tran";
				TargetAttributes = {
					EBE0E0141E41F4E200773AD3 = {
						CreatedOnToolsVersion = 8.2.1;
						DevelopmentTeam = MXE9N2LLEZ;
						LastSwiftMigration = 0820;
						ProvisioningStyle = Automatic;
					};
					EBE0E0281E41F4E200773AD3 = {
						CreatedOnToolsVersion = 8.2.1;
						DevelopmentTeam = MXE9N2LLEZ;
						ProvisioningStyle = Automatic;
						TestTargetID = EBE0E0141E41F4E200773AD3;
					};
				};
			};
			buildConfigurationList = EBE0E0101E41F4E200773AD3 /* Build configuration list for PBXProject "ZoeyApp" */;
			compatibilityVersion = "Xcode 3.2";
			developmentRegion = English;
			hasScannedForEncodings = 0;
			knownRegions = (
				en,
				Base,
			);
			mainGroup = EBE0E00C1E41F4E200773AD3;
			productRefGroup = EBE0E0161E41F4E200773AD3 /* Products */;
			projectDirPath = "";
			projectReferences = (
				{
					ProductGroup = EBE0E0791E420B0800773AD3 /* Products */;
					ProjectRef = EBE0E0781E420B0800773AD3 /* Surge.xcodeproj */;
				},
			);
			projectRoot = "";
			targets = (
				EBE0E0141E41F4E200773AD3 /* ZoeyApp */,
				EBE0E0281E41F4E200773AD3 /* ZoeyAppTests */,
			);
		};
/* End PBXProject section */

/* Begin PBXReferenceProxy section */
		EBE0E07E1E420B0900773AD3 /* Surge.framework */ = {
			isa = PBXReferenceProxy;
			fileType = wrapper.framework;
			path = Surge.framework;
			remoteRef = EBE0E07D1E420B0900773AD3 /* PBXContainerItemProxy */;
			sourceTree = BUILT_PRODUCTS_DIR;
		};
		EBE0E0801E420B0900773AD3 /* SurgeTests.xctest */ = {
			isa = PBXReferenceProxy;
			fileType = wrapper.cfbundle;
			path = SurgeTests.xctest;
			remoteRef = EBE0E07F1E420B0900773AD3 /* PBXContainerItemProxy */;
			sourceTree = BUILT_PRODUCTS_DIR;
		};
/* End PBXReferenceProxy section */

/* Begin PBXResourcesBuildPhase section */
		EBE0E0131E41F4E200773AD3 /* Resources */ = {
			isa = PBXResourcesBuildPhase;
			buildActionMask = 2147483647;
			files = (
				EBE0E0231E41F4E200773AD3 /* LaunchScreen.storyboard in Resources */,
				EBE0E0201E41F4E200773AD3 /* Assets.xcassets in Resources */,
				EBE0E01E1E41F4E200773AD3 /* Main.storyboard in Resources */,
			);
			runOnlyForDeploymentPostprocessing = 0;
		};
		EBE0E0271E41F4E200773AD3 /* Resources */ = {
			isa = PBXResourcesBuildPhase;
			buildActionMask = 2147483647;
			files = (
			);
			runOnlyForDeploymentPostprocessing = 0;
		};
/* End PBXResourcesBuildPhase section */

/* Begin PBXShellScriptBuildPhase section */
		197D152F593BA89FD0D70A64 /* [CP] Embed Pods Frameworks */ = {
			isa = PBXShellScriptBuildPhase;
			buildActionMask = 2147483647;
			files = (
			);
			inputPaths = (
			);
			name = "[CP] Embed Pods Frameworks";
			outputPaths = (
			);
			runOnlyForDeploymentPostprocessing = 0;
			shellPath = /bin/sh;
			shellScript = "\"${SRCROOT}/Pods/Target Support Files/Pods-ZoeyApp/Pods-ZoeyApp-frameworks.sh\"\n";
			showEnvVarsInLog = 0;
		};
		27A8F146831F884E816D6AD7 /* [CP] Copy Pods Resources */ = {
			isa = PBXShellScriptBuildPhase;
			buildActionMask = 2147483647;
			files = (
			);
			inputPaths = (
			);
			name = "[CP] Copy Pods Resources";
			outputPaths = (
			);
			runOnlyForDeploymentPostprocessing = 0;
			shellPath = /bin/sh;
			shellScript = "\"${SRCROOT}/Pods/Target Support Files/Pods-ZoeyAppTests/Pods-ZoeyAppTests-resources.sh\"\n";
			showEnvVarsInLog = 0;
		};
		30D8E403D4C30465A4E1F8CB /* [CP] Embed Pods Frameworks */ = {
			isa = PBXShellScriptBuildPhase;
			buildActionMask = 2147483647;
			files = (
			);
			inputPaths = (
			);
			name = "[CP] Embed Pods Frameworks";
			outputPaths = (
			);
			runOnlyForDeploymentPostprocessing = 0;
			shellPath = /bin/sh;
			shellScript = "\"${SRCROOT}/Pods/Target Support Files/Pods-ZoeyAppTests/Pods-ZoeyAppTests-frameworks.sh\"\n";
			showEnvVarsInLog = 0;
		};
		A2611CD6F0D603B8E5E79B95 /* [CP] Check Pods Manifest.lock */ = {
			isa = PBXShellScriptBuildPhase;
			buildActionMask = 2147483647;
			files = (
			);
			inputPaths = (
			);
			name = "[CP] Check Pods Manifest.lock";
			outputPaths = (
			);
			runOnlyForDeploymentPostprocessing = 0;
			shellPath = /bin/sh;
			shellScript = "diff \"${PODS_ROOT}/../Podfile.lock\" \"${PODS_ROOT}/Manifest.lock\" > /dev/null\nif [ $? != 0 ] ; then\n    # print error to STDERR\n    echo \"error: The sandbox is not in sync with the Podfile.lock. Run 'pod install' or update your CocoaPods installation.\" >&2\n    exit 1\nfi\n";
			showEnvVarsInLog = 0;
		};
		EA878353677BBB126ADD839B /* [CP] Check Pods Manifest.lock */ = {
			isa = PBXShellScriptBuildPhase;
			buildActionMask = 2147483647;
			files = (
			);
			inputPaths = (
			);
			name = "[CP] Check Pods Manifest.lock";
			outputPaths = (
			);
			runOnlyForDeploymentPostprocessing = 0;
			shellPath = /bin/sh;
			shellScript = "diff \"${PODS_ROOT}/../Podfile.lock\" \"${PODS_ROOT}/Manifest.lock\" > /dev/null\nif [ $? != 0 ] ; then\n    # print error to STDERR\n    echo \"error: The sandbox is not in sync with the Podfile.lock. Run 'pod install' or update your CocoaPods installation.\" >&2\n    exit 1\nfi\n";
			showEnvVarsInLog = 0;
		};
		F39AF2733BF82315F203D9E3 /* [CP] Copy Pods Resources */ = {
			isa = PBXShellScriptBuildPhase;
			buildActionMask = 2147483647;
			files = (
			);
			inputPaths = (
			);
			name = "[CP] Copy Pods Resources";
			outputPaths = (
			);
			runOnlyForDeploymentPostprocessing = 0;
			shellPath = /bin/sh;
			shellScript = "\"${SRCROOT}/Pods/Target Support Files/Pods-ZoeyApp/Pods-ZoeyApp-resources.sh\"\n";
			showEnvVarsInLog = 0;
		};
/* End PBXShellScriptBuildPhase section */

/* Begin PBXSourcesBuildPhase section */
		EBE0E0111E41F4E200773AD3 /* Sources */ = {
			isa = PBXSourcesBuildPhase;
			buildActionMask = 2147483647;
			files = (
				EBE0E01B1E41F4E200773AD3 /* DevicesVC.swift in Sources */,
				EBE0E0191E41F4E200773AD3 /* AppDelegate.swift in Sources */,
				EBE0E03C1E41F5B300773AD3 /* DetailVC.swift in Sources */,
				EBE0E0401E41F6D100773AD3 /* DeviceCell.swift in Sources */,
				EBE0E0601E4208BD00773AD3 /* Util.swift in Sources */,
				EBE0E0471E41FFDF00773AD3 /* AccelerometerFilter.m in Sources */,
				EBE0E0481E41FFDF00773AD3 /* APLGraphView.m in Sources */,
			);
			runOnlyForDeploymentPostprocessing = 0;
		};
		EBE0E0251E41F4E200773AD3 /* Sources */ = {
			isa = PBXSourcesBuildPhase;
			buildActionMask = 2147483647;
			files = (
				EBE0E0861E420B6500773AD3 /* UtilTest.swift in Sources */,
			);
			runOnlyForDeploymentPostprocessing = 0;
		};
/* End PBXSourcesBuildPhase section */

/* Begin PBXTargetDependency section */
		EBE0E02B1E41F4E200773AD3 /* PBXTargetDependency */ = {
			isa = PBXTargetDependency;
			target = EBE0E0141E41F4E200773AD3 /* ZoeyApp */;
			targetProxy = EBE0E02A1E41F4E200773AD3 /* PBXContainerItemProxy */;
		};
		EBE0E0841E420B1100773AD3 /* PBXTargetDependency */ = {
			isa = PBXTargetDependency;
			name = Surge;
			targetProxy = EBE0E0831E420B1100773AD3 /* PBXContainerItemProxy */;
		};
/* End PBXTargetDependency section */

/* Begin PBXVariantGroup section */
		EBE0E01C1E41F4E200773AD3 /* Main.storyboard */ = {
			isa = PBXVariantGroup;
			children = (
				EBE0E01D1E41F4E200773AD3 /* Base */,
			);
			name = Main.storyboard;
			sourceTree = "<group>";
		};
		EBE0E0211E41F4E200773AD3 /* LaunchScreen.storyboard */ = {
			isa = PBXVariantGroup;
			children = (
				EBE0E0221E41F4E200773AD3 /* Base */,
			);
			name = LaunchScreen.storyboard;
			sourceTree = "<group>";
		};
/* End PBXVariantGroup section */

/* Begin XCBuildConfiguration section */
		EBE0E0301E41F4E200773AD3 /* Debug */ = {
			isa = XCBuildConfiguration;
			buildSettings = {
				ALWAYS_SEARCH_USER_PATHS = NO;
				CLANG_ANALYZER_NONNULL = YES;
				CLANG_CXX_LANGUAGE_STANDARD = "gnu++0x";
				CLANG_CXX_LIBRARY = "libc++";
				CLANG_ENABLE_MODULES = YES;
				CLANG_ENABLE_OBJC_ARC = YES;
				CLANG_WARN_BOOL_CONVERSION = YES;
				CLANG_WARN_CONSTANT_CONVERSION = YES;
				CLANG_WARN_DIRECT_OBJC_ISA_USAGE = YES_ERROR;
				CLANG_WARN_DOCUMENTATION_COMMENTS = YES;
				CLANG_WARN_EMPTY_BODY = YES;
				CLANG_WARN_ENUM_CONVERSION = YES;
				CLANG_WARN_INFINITE_RECURSION = YES;
				CLANG_WARN_INT_CONVERSION = YES;
				CLANG_WARN_OBJC_ROOT_CLASS = YES_ERROR;
				CLANG_WARN_SUSPICIOUS_MOVE = YES;
				CLANG_WARN_UNREACHABLE_CODE = YES;
				CLANG_WARN__DUPLICATE_METHOD_MATCH = YES;
				"CODE_SIGN_IDENTITY[sdk=iphoneos*]" = "iPhone Developer";
				COPY_PHASE_STRIP = NO;
				DEBUG_INFORMATION_FORMAT = dwarf;
				ENABLE_STRICT_OBJC_MSGSEND = YES;
				ENABLE_TESTABILITY = YES;
				GCC_C_LANGUAGE_STANDARD = gnu99;
				GCC_DYNAMIC_NO_PIC = NO;
				GCC_NO_COMMON_BLOCKS = YES;
				GCC_OPTIMIZATION_LEVEL = 0;
				GCC_PREPROCESSOR_DEFINITIONS = (
					"DEBUG=1",
					"$(inherited)",
				);
				GCC_WARN_64_TO_32_BIT_CONVERSION = YES;
				GCC_WARN_ABOUT_RETURN_TYPE = YES_ERROR;
				GCC_WARN_UNDECLARED_SELECTOR = YES;
				GCC_WARN_UNINITIALIZED_AUTOS = YES_AGGRESSIVE;
				GCC_WARN_UNUSED_FUNCTION = YES;
				GCC_WARN_UNUSED_VARIABLE = YES;
				IPHONEOS_DEPLOYMENT_TARGET = 10.2;
				MTL_ENABLE_DEBUG_INFO = YES;
				ONLY_ACTIVE_ARCH = YES;
				SDKROOT = iphoneos;
				SWIFT_ACTIVE_COMPILATION_CONDITIONS = DEBUG;
				SWIFT_OPTIMIZATION_LEVEL = "-Onone";
			};
			name = Debug;
		};
		EBE0E0311E41F4E200773AD3 /* Release */ = {
			isa = XCBuildConfiguration;
			buildSettings = {
				ALWAYS_SEARCH_USER_PATHS = NO;
				CLANG_ANALYZER_NONNULL = YES;
				CLANG_CXX_LANGUAGE_STANDARD = "gnu++0x";
				CLANG_CXX_LIBRARY = "libc++";
				CLANG_ENABLE_MODULES = YES;
				CLANG_ENABLE_OBJC_ARC = YES;
				CLANG_WARN_BOOL_CONVERSION = YES;
				CLANG_WARN_CONSTANT_CONVERSION = YES;
				CLANG_WARN_DIRECT_OBJC_ISA_USAGE = YES_ERROR;
				CLANG_WARN_DOCUMENTATION_COMMENTS = YES;
				CLANG_WARN_EMPTY_BODY = YES;
				CLANG_WARN_ENUM_CONVERSION = YES;
				CLANG_WARN_INFINITE_RECURSION = YES;
				CLANG_WARN_INT_CONVERSION = YES;
				CLANG_WARN_OBJC_ROOT_CLASS = YES_ERROR;
				CLANG_WARN_SUSPICIOUS_MOVE = YES;
				CLANG_WARN_UNREACHABLE_CODE = YES;
				CLANG_WARN__DUPLICATE_METHOD_MATCH = YES;
				"CODE_SIGN_IDENTITY[sdk=iphoneos*]" = "iPhone Developer";
				COPY_PHASE_STRIP = NO;
				DEBUG_INFORMATION_FORMAT = "dwarf-with-dsym";
				ENABLE_NS_ASSERTIONS = NO;
				ENABLE_STRICT_OBJC_MSGSEND = YES;
				GCC_C_LANGUAGE_STANDARD = gnu99;
				GCC_NO_COMMON_BLOCKS = YES;
				GCC_WARN_64_TO_32_BIT_CONVERSION = YES;
				GCC_WARN_ABOUT_RETURN_TYPE = YES_ERROR;
				GCC_WARN_UNDECLARED_SELECTOR = YES;
				GCC_WARN_UNINITIALIZED_AUTOS = YES_AGGRESSIVE;
				GCC_WARN_UNUSED_FUNCTION = YES;
				GCC_WARN_UNUSED_VARIABLE = YES;
				IPHONEOS_DEPLOYMENT_TARGET = 10.2;
				MTL_ENABLE_DEBUG_INFO = NO;
				SDKROOT = iphoneos;
				SWIFT_OPTIMIZATION_LEVEL = "-Owholemodule";
				VALIDATE_PRODUCT = YES;
			};
			name = Release;
		};
		EBE0E0331E41F4E200773AD3 /* Debug */ = {
			isa = XCBuildConfiguration;
			baseConfigurationReference = 9E0A9D7457F001B62CF5A1C6 /* Pods-ZoeyApp.debug.xcconfig */;
			buildSettings = {
				ALWAYS_EMBED_SWIFT_STANDARD_LIBRARIES = YES;
				ASSETCATALOG_COMPILER_APPICON_NAME = AppIcon;
				CLANG_ENABLE_MODULES = YES;
				DEVELOPMENT_TEAM = MXE9N2LLEZ;
				FRAMEWORK_SEARCH_PATHS = (
					"$(inherited)",
					"$(PROJECT_DIR)",
				);
				INFOPLIST_FILE = ZoeyApp/Info.plist;
				LD_RUNPATH_SEARCH_PATHS = "$(inherited) @executable_path/Frameworks";
				PRODUCT_BUNDLE_IDENTIFIER = app.curve.zoey.hientran.ZoeyApp;
				PRODUCT_NAME = "$(TARGET_NAME)";
				SWIFT_OBJC_BRIDGING_HEADER = "ZoeyApp/ZoeyApp-Bridging-Header.h";
				SWIFT_OPTIMIZATION_LEVEL = "-Onone";
				SWIFT_VERSION = 3.0;
			};
			name = Debug;
		};
		EBE0E0341E41F4E200773AD3 /* Release */ = {
			isa = XCBuildConfiguration;
			baseConfigurationReference = 1551569FF63B5987CF048494 /* Pods-ZoeyApp.release.xcconfig */;
			buildSettings = {
				ALWAYS_EMBED_SWIFT_STANDARD_LIBRARIES = YES;
				ASSETCATALOG_COMPILER_APPICON_NAME = AppIcon;
				CLANG_ENABLE_MODULES = YES;
				DEVELOPMENT_TEAM = MXE9N2LLEZ;
				FRAMEWORK_SEARCH_PATHS = (
					"$(inherited)",
					"$(PROJECT_DIR)",
				);
				INFOPLIST_FILE = ZoeyApp/Info.plist;
				LD_RUNPATH_SEARCH_PATHS = "$(inherited) @executable_path/Frameworks";
				PRODUCT_BUNDLE_IDENTIFIER = app.curve.zoey.hientran.ZoeyApp;
				PRODUCT_NAME = "$(TARGET_NAME)";
				SWIFT_OBJC_BRIDGING_HEADER = "ZoeyApp/ZoeyApp-Bridging-Header.h";
				SWIFT_VERSION = 3.0;
			};
			name = Release;
		};
		EBE0E0361E41F4E200773AD3 /* Debug */ = {
			isa = XCBuildConfiguration;
			baseConfigurationReference = 549B126207907A58A56D6654 /* Pods-ZoeyAppTests.debug.xcconfig */;
			buildSettings = {
				ALWAYS_EMBED_SWIFT_STANDARD_LIBRARIES = YES;
				BUNDLE_LOADER = "$(TEST_HOST)";
				DEVELOPMENT_TEAM = MXE9N2LLEZ;
				INFOPLIST_FILE = ZoeyAppTests/Info.plist;
				LD_RUNPATH_SEARCH_PATHS = "$(inherited) @executable_path/Frameworks @loader_path/Frameworks";
				PRODUCT_BUNDLE_IDENTIFIER = app.curve.zoey.hientran.ZoeyAppTests;
				PRODUCT_NAME = "$(TARGET_NAME)";
				SWIFT_VERSION = 3.0;
				TEST_HOST = "$(BUILT_PRODUCTS_DIR)/ZoeyApp.app/ZoeyApp";
			};
			name = Debug;
		};
		EBE0E0371E41F4E200773AD3 /* Release */ = {
			isa = XCBuildConfiguration;
			baseConfigurationReference = 8BEECF89A1A8FB94F6DFE659 /* Pods-ZoeyAppTests.release.xcconfig */;
			buildSettings = {
				ALWAYS_EMBED_SWIFT_STANDARD_LIBRARIES = YES;
				BUNDLE_LOADER = "$(TEST_HOST)";
				DEVELOPMENT_TEAM = MXE9N2LLEZ;
				INFOPLIST_FILE = ZoeyAppTests/Info.plist;
				LD_RUNPATH_SEARCH_PATHS = "$(inherited) @executable_path/Frameworks @loader_path/Frameworks";
				PRODUCT_BUNDLE_IDENTIFIER = app.curve.zoey.hientran.ZoeyAppTests;
				PRODUCT_NAME = "$(TARGET_NAME)";
				SWIFT_VERSION = 3.0;
				TEST_HOST = "$(BUILT_PRODUCTS_DIR)/ZoeyApp.app/ZoeyApp";
			};
			name = Release;
		};
/* End XCBuildConfiguration section */

/* Begin XCConfigurationList section */
		EBE0E0101E41F4E200773AD3 /* Build configuration list for PBXProject "ZoeyApp" */ = {
			isa = XCConfigurationList;
			buildConfigurations = (
				EBE0E0301E41F4E200773AD3 /* Debug */,
				EBE0E0311E41F4E200773AD3 /* Release */,
			);
			defaultConfigurationIsVisible = 0;
			defaultConfigurationName = Release;
		};
		EBE0E0321E41F4E200773AD3 /* Build configuration list for PBXNativeTarget "ZoeyApp" */ = {
			isa = XCConfigurationList;
			buildConfigurations = (
				EBE0E0331E41F4E200773AD3 /* Debug */,
				EBE0E0341E41F4E200773AD3 /* Release */,
			);
			defaultConfigurationIsVisible = 0;
			defaultConfigurationName = Release;
		};
		EBE0E0351E41F4E200773AD3 /* Build configuration list for PBXNativeTarget "ZoeyAppTests" */ = {
			isa = XCConfigurationList;
			buildConfigurations = (
				EBE0E0361E41F4E200773AD3 /* Debug */,
				EBE0E0371E41F4E200773AD3 /* Release */,
			);
			defaultConfigurationIsVisible = 0;
			defaultConfigurationName = Release;
		};
/* End XCConfigurationList section */
	};
	rootObject = EBE0E00D1E41F4E200773AD3 /* Project object */;
}
